# THIS IS AN AUTOGENERATED FILE. DO NOT EDIT THIS FILE DIRECTLY.
# yarn lockfile v1


turbo-darwin-64@1.13.2:
  version "1.13.2"
  resolved "https://registry.yarnpkg.com/turbo-darwin-64/-/turbo-darwin-64-1.13.2.tgz#34c8c8a06e9c38ed9cbd219b2ade6e83f02bc7b3"
  integrity sha512-CCSuD8CfmtncpohCuIgq7eAzUas0IwSbHfI8/Q3vKObTdXyN8vAo01gwqXjDGpzG9bTEVedD0GmLbD23dR0MLA==

turbo-darwin-arm64@1.13.2:
  version "1.13.2"
  resolved "https://registry.yarnpkg.com/turbo-darwin-arm64/-/turbo-darwin-arm64-1.13.2.tgz#2fd380e13b8cd75d1514c433d196ea4be097230c"
  integrity sha512-0HySm06/D2N91rJJ89FbiI/AodmY8B3WDSFTVEpu2+8spUw7hOJ8okWOT0e5iGlyayUP9gr31eOeL3VFZkpfCw==

turbo-linux-64@1.13.2:
  version "1.13.2"
  resolved "https://registry.yarnpkg.com/turbo-linux-64/-/turbo-linux-64-1.13.2.tgz#a861fb4180e0a601459b79837b4e2ded27c7ffa7"
  integrity sha512-7HnibgbqZrjn4lcfIouzlPu8ZHSBtURG4c7Bedu7WJUDeZo+RE1crlrQm8wuwO54S0siYqUqo7GNHxu4IXbioQ==

turbo-linux-arm64@1.13.2:
  version "1.13.2"
  resolved "https://registry.yarnpkg.com/turbo-linux-arm64/-/turbo-linux-arm64-1.13.2.tgz#e0d290ea338eb8e5fb8905547954d36f81d8d7fa"
  integrity sha512-sUq4dbpk6SNKg/Hkwn256Vj2AEYSQdG96repio894h5/LEfauIK2QYiC/xxAeW3WBMc6BngmvNyURIg7ltrePg==

turbo-windows-64@1.13.2:
  version "1.13.2"
  resolved "https://registry.yarnpkg.com/turbo-windows-64/-/turbo-windows-64-1.13.2.tgz#c9821ea0d34204d3bed28ccfb096c520dbe3c209"
  integrity sha512-DqzhcrciWq3dpzllJR2VVIyOhSlXYCo4mNEWl98DJ3FZ08PEzcI3ceudlH6F0t/nIcfSItK1bDP39cs7YoZHEA==

turbo-windows-arm64@1.13.2:
  version "1.13.2"
  resolved "https://registry.yarnpkg.com/turbo-windows-arm64/-/turbo-windows-arm64-1.13.2.tgz#07d6a01a1bfc6293ee8365cf3639914244f6f0b9"
  integrity sha512-WnPMrwfCXxK69CdDfS1/j2DlzcKxSmycgDAqV0XCYpK/812KB0KlvsVAt5PjEbZGXkY88pCJ1BLZHAjF5FcbqA==

turbo@^1.13.2:
  version "1.13.2"
  resolved "https://registry.yarnpkg.com/turbo/-/turbo-1.13.2.tgz#c45919cb1cebc86390516184396247eedf65e232"
  integrity sha512-rX/d9f4MgRT3yK6cERPAkfavIxbpBZowDQpgvkYwGMGDQ0Nvw1nc0NVjruE76GrzXQqoxR1UpnmEP54vBARFHQ==
  optionalDependencies:
    turbo-darwin-64 "1.13.2"
    turbo-darwin-arm64 "1.13.2"
    turbo-linux-64 "1.13.2"
    turbo-linux-arm64 "1.13.2"
    turbo-windows-64 "1.13.2"
    turbo-windows-arm64 "1.13.2"
